// !$*UTF8*$!
{
	archiveVersion = 1;
	classes = {
	};
	objectVersion = 55;
	objects = {

/* Begin PBXBuildFile section */
		06FF2749286B0F72006B5FB9 /* FirstOnBoardingViewController.swift in Sources */ = {isa = PBXBuildFile; fileRef = 06FF2748286B0F72006B5FB9 /* FirstOnBoardingViewController.swift */; };
		06FF274B286B0F81006B5FB9 /* SecondOnBoardingViewController.swift in Sources */ = {isa = PBXBuildFile; fileRef = 06FF274A286B0F81006B5FB9 /* SecondOnBoardingViewController.swift */; };
		06FF274D286B0F91006B5FB9 /* FirstUserPlanViewController.swift in Sources */ = {isa = PBXBuildFile; fileRef = 06FF274C286B0F91006B5FB9 /* FirstUserPlanViewController.swift */; };
		06FF274F286B0F9E006B5FB9 /* SecondUserPlanViewController.swift in Sources */ = {isa = PBXBuildFile; fileRef = 06FF274E286B0F9E006B5FB9 /* SecondUserPlanViewController.swift */; };
		06FF2751286B0FA9006B5FB9 /* ThirdUserPlanViewController.swift in Sources */ = {isa = PBXBuildFile; fileRef = 06FF2750286B0FA9006B5FB9 /* ThirdUserPlanViewController.swift */; };
		6A0850BD286AFE97002C4429 /* MoviesCollectionViewCell.swift in Sources */ = {isa = PBXBuildFile; fileRef = 6A0850BC286AFE97002C4429 /* MoviesCollectionViewCell.swift */; };
		6A60E0DF28606BA000505B9D /* Extension.swift in Sources */ = {isa = PBXBuildFile; fileRef = 6A60E0DE28606BA000505B9D /* Extension.swift */; };
		6AF73096286C1784005F1100 /* PlayGamesOrWatchMoviesViewController.swift in Sources */ = {isa = PBXBuildFile; fileRef = 6AF73095286C1784005F1100 /* PlayGamesOrWatchMoviesViewController.swift */; };
		6AF73099286C1853005F1100 /* YogaExerciseViewController.swift in Sources */ = {isa = PBXBuildFile; fileRef = 6AF73098286C1853005F1100 /* YogaExerciseViewController.swift */; };
		6AF7309C286C1A86005F1100 /* DrinkingWaterViewController.swift in Sources */ = {isa = PBXBuildFile; fileRef = 6AF7309B286C1A86005F1100 /* DrinkingWaterViewController.swift */; };
		6AF7309F286C1C03005F1100 /* DoGardeningViewController.swift in Sources */ = {isa = PBXBuildFile; fileRef = 6AF7309E286C1C03005F1100 /* DoGardeningViewController.swift */; };
		6AF730A2286C1D20005F1100 /* TalkWithFriendsOrCommunityViewController.swift in Sources */ = {isa = PBXBuildFile; fileRef = 6AF730A1286C1D20005F1100 /* TalkWithFriendsOrCommunityViewController.swift */; };
		6AF730A4286C1FAF005F1100 /* YoutubeRecommendationCollectionViewCell.swift in Sources */ = {isa = PBXBuildFile; fileRef = 6AF730A3286C1FAF005F1100 /* YoutubeRecommendationCollectionViewCell.swift */; };
		C43DC15F286061C700F5F439 /* StatisticViewController.swift in Sources */ = {isa = PBXBuildFile; fileRef = C43DC15E286061C700F5F439 /* StatisticViewController.swift */; };
		C43DC16228619FE700F5F439 /* DrawLineOnView.swift in Sources */ = {isa = PBXBuildFile; fileRef = C43DC16128619FE700F5F439 /* DrawLineOnView.swift */; };
		C43DC1642861B4EA00F5F439 /* ChartGrid.swift in Sources */ = {isa = PBXBuildFile; fileRef = C43DC1632861B4EA00F5F439 /* ChartGrid.swift */; };
		C43DC1662862F57D00F5F439 /* BarChartCollectionViewCell.swift in Sources */ = {isa = PBXBuildFile; fileRef = C43DC1652862F57D00F5F439 /* BarChartCollectionViewCell.swift */; };
		C45152AB2865ACA0002E9FFD /* ChangeMonthController.swift in Sources */ = {isa = PBXBuildFile; fileRef = C45152AA2865ACA0002E9FFD /* ChangeMonthController.swift */; };
		C47776E6286992C50075C6CF /* NicotineMenuViewController.swift in Sources */ = {isa = PBXBuildFile; fileRef = C47776E5286992C50075C6CF /* NicotineMenuViewController.swift */; };
		C47776E8286992CE0075C6CF /* OthersTableViewCell.swift in Sources */ = {isa = PBXBuildFile; fileRef = C47776E7286992CE0075C6CF /* OthersTableViewCell.swift */; };
		CB4A25BD2868392900CB916C /* MonthMetadata.swift in Sources */ = {isa = PBXBuildFile; fileRef = CB4A25BC2868392900CB916C /* MonthMetadata.swift */; };
		CB4A25BF2868393F00CB916C /* MonthTemplate.swift in Sources */ = {isa = PBXBuildFile; fileRef = CB4A25BE2868393F00CB916C /* MonthTemplate.swift */; };
		CB4A25C12868396200CB916C /* ProgressCalendarLogic.swift in Sources */ = {isa = PBXBuildFile; fileRef = CB4A25C02868396200CB916C /* ProgressCalendarLogic.swift */; };
		CB4A25C32868398C00CB916C /* DailyData.swift in Sources */ = {isa = PBXBuildFile; fileRef = CB4A25C22868398C00CB916C /* DailyData.swift */; };
		CB4A25C728683D9100CB916C /* DateCell.swift in Sources */ = {isa = PBXBuildFile; fileRef = CB4A25C628683D9100CB916C /* DateCell.swift */; };
		CB4A25C928683DB700CB916C /* TopHeaderCell.swift in Sources */ = {isa = PBXBuildFile; fileRef = CB4A25C828683DB700CB916C /* TopHeaderCell.swift */; };
		CB4A25CB28683DE800CB916C /* TittleCell.swift in Sources */ = {isa = PBXBuildFile; fileRef = CB4A25CA28683DE800CB916C /* TittleCell.swift */; };
		CB4A25CD28683E0400CB916C /* TodayLimitCell.swift in Sources */ = {isa = PBXBuildFile; fileRef = CB4A25CC28683E0400CB916C /* TodayLimitCell.swift */; };
		CB4A25CF28683E2000CB916C /* TodayConsumedCell.swift in Sources */ = {isa = PBXBuildFile; fileRef = CB4A25CE28683E2000CB916C /* TodayConsumedCell.swift */; };
		CB4A25D128683E4100CB916C /* GoalsCell.swift in Sources */ = {isa = PBXBuildFile; fileRef = CB4A25D028683E4100CB916C /* GoalsCell.swift */; };
		CB4A25D528683E8100CB916C /* CellBuilder.swift in Sources */ = {isa = PBXBuildFile; fileRef = CB4A25D428683E8100CB916C /* CellBuilder.swift */; };
		CB4A25D728683E9200CB916C /* LayoutBuilder.swift in Sources */ = {isa = PBXBuildFile; fileRef = CB4A25D628683E9200CB916C /* LayoutBuilder.swift */; };
		CB4A25D928683EA600CB916C /* ProgressViewController.swift in Sources */ = {isa = PBXBuildFile; fileRef = CB4A25D828683EA600CB916C /* ProgressViewController.swift */; };
		CB4A25DD286879C400CB916C /* ProgressChangeMonthController.swift in Sources */ = {isa = PBXBuildFile; fileRef = CB4A25DC286879C400CB916C /* ProgressChangeMonthController.swift */; };
		CB4A25E12868C74400CB916C /* TabBarController.swift in Sources */ = {isa = PBXBuildFile; fileRef = CB4A25E02868C74400CB916C /* TabBarController.swift */; };
		CB6832E5284F556000366004 /* AppDelegate.swift in Sources */ = {isa = PBXBuildFile; fileRef = CB6832E4284F556000366004 /* AppDelegate.swift */; };
		CB6832E7284F556000366004 /* SceneDelegate.swift in Sources */ = {isa = PBXBuildFile; fileRef = CB6832E6284F556000366004 /* SceneDelegate.swift */; };
		CB6832E9284F556000366004 /* ViewController.swift in Sources */ = {isa = PBXBuildFile; fileRef = CB6832E8284F556000366004 /* ViewController.swift */; };
		CB6832EF284F556000366004 /* SmokeLess.xcdatamodeld in Sources */ = {isa = PBXBuildFile; fileRef = CB6832ED284F556000366004 /* SmokeLess.xcdatamodeld */; };
		CB6832F1284F556200366004 /* Assets.xcassets in Resources */ = {isa = PBXBuildFile; fileRef = CB6832F0284F556200366004 /* Assets.xcassets */; };
		CB6832F4284F556200366004 /* LaunchScreen.storyboard in Resources */ = {isa = PBXBuildFile; fileRef = CB6832F2284F556200366004 /* LaunchScreen.storyboard */; };
/* End PBXBuildFile section */

/* Begin PBXFileReference section */
		06FF2748286B0F72006B5FB9 /* FirstOnBoardingViewController.swift */ = {isa = PBXFileReference; lastKnownFileType = sourcecode.swift; path = FirstOnBoardingViewController.swift; sourceTree = "<group>"; };
		06FF274A286B0F81006B5FB9 /* SecondOnBoardingViewController.swift */ = {isa = PBXFileReference; lastKnownFileType = sourcecode.swift; path = SecondOnBoardingViewController.swift; sourceTree = "<group>"; };
		06FF274C286B0F91006B5FB9 /* FirstUserPlanViewController.swift */ = {isa = PBXFileReference; lastKnownFileType = sourcecode.swift; path = FirstUserPlanViewController.swift; sourceTree = "<group>"; };
		06FF274E286B0F9E006B5FB9 /* SecondUserPlanViewController.swift */ = {isa = PBXFileReference; lastKnownFileType = sourcecode.swift; path = SecondUserPlanViewController.swift; sourceTree = "<group>"; };
		06FF2750286B0FA9006B5FB9 /* ThirdUserPlanViewController.swift */ = {isa = PBXFileReference; lastKnownFileType = sourcecode.swift; path = ThirdUserPlanViewController.swift; sourceTree = "<group>"; };
		06FF275B286B51AF006B5FB9 /* TimerViewController.swift */ = {isa = PBXFileReference; lastKnownFileType = sourcecode.swift; path = TimerViewController.swift; sourceTree = "<group>"; };
		06FF275D286B51D3006B5FB9 /* StartBreathViewController.swift */ = {isa = PBXFileReference; lastKnownFileType = sourcecode.swift; path = StartBreathViewController.swift; sourceTree = "<group>"; };
		06FF275F286B51E9006B5FB9 /* FeedbackViewController.swift */ = {isa = PBXFileReference; lastKnownFileType = sourcecode.swift; path = FeedbackViewController.swift; sourceTree = "<group>"; };
		06FF2761286B5202006B5FB9 /* DoneViewController.swift */ = {isa = PBXFileReference; lastKnownFileType = sourcecode.swift; path = DoneViewController.swift; sourceTree = "<group>"; };
		2A8C0F0228631AC60051F828 /* OthersTableViewCell.swift */ = {isa = PBXFileReference; lastKnownFileType = sourcecode.swift; path = OthersTableViewCell.swift; sourceTree = SOURCE_ROOT; };
		6A0850BC286AFE97002C4429 /* MoviesCollectionViewCell.swift */ = {isa = PBXFileReference; lastKnownFileType = sourcecode.swift; path = MoviesCollectionViewCell.swift; sourceTree = "<group>"; };
		6A60E0DE28606BA000505B9D /* Extension.swift */ = {isa = PBXFileReference; lastKnownFileType = sourcecode.swift; path = Extension.swift; sourceTree = SOURCE_ROOT; };
		6AF73095286C1784005F1100 /* PlayGamesOrWatchMoviesViewController.swift */ = {isa = PBXFileReference; lastKnownFileType = sourcecode.swift; path = PlayGamesOrWatchMoviesViewController.swift; sourceTree = "<group>"; };
		6AF73098286C1853005F1100 /* YogaExerciseViewController.swift */ = {isa = PBXFileReference; lastKnownFileType = sourcecode.swift; path = YogaExerciseViewController.swift; sourceTree = "<group>"; };
		6AF7309B286C1A86005F1100 /* DrinkingWaterViewController.swift */ = {isa = PBXFileReference; lastKnownFileType = sourcecode.swift; path = DrinkingWaterViewController.swift; sourceTree = "<group>"; };
		6AF7309E286C1C03005F1100 /* DoGardeningViewController.swift */ = {isa = PBXFileReference; lastKnownFileType = sourcecode.swift; path = DoGardeningViewController.swift; sourceTree = "<group>"; };
		6AF730A1286C1D20005F1100 /* TalkWithFriendsOrCommunityViewController.swift */ = {isa = PBXFileReference; lastKnownFileType = sourcecode.swift; path = TalkWithFriendsOrCommunityViewController.swift; sourceTree = "<group>"; };
		6AF730A3286C1FAF005F1100 /* YoutubeRecommendationCollectionViewCell.swift */ = {isa = PBXFileReference; lastKnownFileType = sourcecode.swift; path = YoutubeRecommendationCollectionViewCell.swift; sourceTree = "<group>"; };
		C43DC15E286061C700F5F439 /* StatisticViewController.swift */ = {isa = PBXFileReference; lastKnownFileType = sourcecode.swift; path = StatisticViewController.swift; sourceTree = "<group>"; };
		C43DC16128619FE700F5F439 /* DrawLineOnView.swift */ = {isa = PBXFileReference; lastKnownFileType = sourcecode.swift; path = DrawLineOnView.swift; sourceTree = "<group>"; };
		C43DC1632861B4EA00F5F439 /* ChartGrid.swift */ = {isa = PBXFileReference; lastKnownFileType = sourcecode.swift; path = ChartGrid.swift; sourceTree = "<group>"; };
		C43DC1652862F57D00F5F439 /* BarChartCollectionViewCell.swift */ = {isa = PBXFileReference; lastKnownFileType = sourcecode.swift; path = BarChartCollectionViewCell.swift; sourceTree = "<group>"; };
		C45152AA2865ACA0002E9FFD /* ChangeMonthController.swift */ = {isa = PBXFileReference; lastKnownFileType = sourcecode.swift; path = ChangeMonthController.swift; sourceTree = "<group>"; };
		C47776E5286992C50075C6CF /* NicotineMenuViewController.swift */ = {isa = PBXFileReference; fileEncoding = 4; lastKnownFileType = sourcecode.swift; path = NicotineMenuViewController.swift; sourceTree = "<group>"; };
		C47776E7286992CE0075C6CF /* OthersTableViewCell.swift */ = {isa = PBXFileReference; fileEncoding = 4; lastKnownFileType = sourcecode.swift; path = OthersTableViewCell.swift; sourceTree = "<group>"; };
		CB4A25BC2868392900CB916C /* MonthMetadata.swift */ = {isa = PBXFileReference; lastKnownFileType = sourcecode.swift; path = MonthMetadata.swift; sourceTree = "<group>"; };
		CB4A25BE2868393F00CB916C /* MonthTemplate.swift */ = {isa = PBXFileReference; lastKnownFileType = sourcecode.swift; path = MonthTemplate.swift; sourceTree = "<group>"; };
		CB4A25C02868396200CB916C /* ProgressCalendarLogic.swift */ = {isa = PBXFileReference; lastKnownFileType = sourcecode.swift; path = ProgressCalendarLogic.swift; sourceTree = "<group>"; };
		CB4A25C22868398C00CB916C /* DailyData.swift */ = {isa = PBXFileReference; lastKnownFileType = sourcecode.swift; path = DailyData.swift; sourceTree = "<group>"; };
		CB4A25C628683D9100CB916C /* DateCell.swift */ = {isa = PBXFileReference; lastKnownFileType = sourcecode.swift; path = DateCell.swift; sourceTree = "<group>"; };
		CB4A25C828683DB700CB916C /* TopHeaderCell.swift */ = {isa = PBXFileReference; lastKnownFileType = sourcecode.swift; path = TopHeaderCell.swift; sourceTree = "<group>"; };
		CB4A25CA28683DE800CB916C /* TittleCell.swift */ = {isa = PBXFileReference; lastKnownFileType = sourcecode.swift; path = TittleCell.swift; sourceTree = "<group>"; };
		CB4A25CC28683E0400CB916C /* TodayLimitCell.swift */ = {isa = PBXFileReference; lastKnownFileType = sourcecode.swift; path = TodayLimitCell.swift; sourceTree = "<group>"; };
		CB4A25CE28683E2000CB916C /* TodayConsumedCell.swift */ = {isa = PBXFileReference; lastKnownFileType = sourcecode.swift; path = TodayConsumedCell.swift; sourceTree = "<group>"; };
		CB4A25D028683E4100CB916C /* GoalsCell.swift */ = {isa = PBXFileReference; lastKnownFileType = sourcecode.swift; path = GoalsCell.swift; sourceTree = "<group>"; };
		CB4A25D428683E8100CB916C /* CellBuilder.swift */ = {isa = PBXFileReference; lastKnownFileType = sourcecode.swift; path = CellBuilder.swift; sourceTree = "<group>"; };
		CB4A25D628683E9200CB916C /* LayoutBuilder.swift */ = {isa = PBXFileReference; lastKnownFileType = sourcecode.swift; path = LayoutBuilder.swift; sourceTree = "<group>"; };
		CB4A25D828683EA600CB916C /* ProgressViewController.swift */ = {isa = PBXFileReference; lastKnownFileType = sourcecode.swift; path = ProgressViewController.swift; sourceTree = "<group>"; };
		CB4A25DC286879C400CB916C /* ProgressChangeMonthController.swift */ = {isa = PBXFileReference; lastKnownFileType = sourcecode.swift; path = ProgressChangeMonthController.swift; sourceTree = "<group>"; };
		CB4A25E02868C74400CB916C /* TabBarController.swift */ = {isa = PBXFileReference; lastKnownFileType = sourcecode.swift; path = TabBarController.swift; sourceTree = "<group>"; };
		CB6832E1284F556000366004 /* SmokeLess.app */ = {isa = PBXFileReference; explicitFileType = wrapper.application; includeInIndex = 0; path = SmokeLess.app; sourceTree = BUILT_PRODUCTS_DIR; };
		CB6832E4284F556000366004 /* AppDelegate.swift */ = {isa = PBXFileReference; lastKnownFileType = sourcecode.swift; path = AppDelegate.swift; sourceTree = "<group>"; };
		CB6832E6284F556000366004 /* SceneDelegate.swift */ = {isa = PBXFileReference; lastKnownFileType = sourcecode.swift; path = SceneDelegate.swift; sourceTree = "<group>"; };
		CB6832E8284F556000366004 /* ViewController.swift */ = {isa = PBXFileReference; lastKnownFileType = sourcecode.swift; path = ViewController.swift; sourceTree = "<group>"; };
		CB6832EE284F556000366004 /* SmokeLess.xcdatamodel */ = {isa = PBXFileReference; lastKnownFileType = wrapper.xcdatamodel; path = SmokeLess.xcdatamodel; sourceTree = "<group>"; };
		CB6832F0284F556200366004 /* Assets.xcassets */ = {isa = PBXFileReference; lastKnownFileType = folder.assetcatalog; path = Assets.xcassets; sourceTree = "<group>"; };
		CB6832F3284F556200366004 /* Base */ = {isa = PBXFileReference; lastKnownFileType = file.storyboard; name = Base; path = Base.lproj/LaunchScreen.storyboard; sourceTree = "<group>"; };
		CB6832F5284F556200366004 /* Info.plist */ = {isa = PBXFileReference; lastKnownFileType = text.plist.xml; path = Info.plist; sourceTree = "<group>"; };
/* End PBXFileReference section */

/* Begin PBXFrameworksBuildPhase section */
		CB6832DE284F556000366004 /* Frameworks */ = {
			isa = PBXFrameworksBuildPhase;
			buildActionMask = 2147483647;
			files = (
			);
			runOnlyForDeploymentPostprocessing = 0;
		};
/* End PBXFrameworksBuildPhase section */

/* Begin PBXGroup section */
		06FF2746286B0F54006B5FB9 /* OnBoarding */ = {
			isa = PBXGroup;
			children = (
				06FF2748286B0F72006B5FB9 /* FirstOnBoardingViewController.swift */,
				06FF274A286B0F81006B5FB9 /* SecondOnBoardingViewController.swift */,
			);
			path = OnBoarding;
			sourceTree = "<group>";
		};
		06FF2747286B0F5C006B5FB9 /* UserPlan */ = {
			isa = PBXGroup;
			children = (
				06FF274C286B0F91006B5FB9 /* FirstUserPlanViewController.swift */,
				06FF274E286B0F9E006B5FB9 /* SecondUserPlanViewController.swift */,
				06FF2750286B0FA9006B5FB9 /* ThirdUserPlanViewController.swift */,
			);
			path = UserPlan;
			sourceTree = "<group>";
		};
		06FF2752286B5147006B5FB9 /* DeepBreath */ = {
			isa = PBXGroup;
			children = (
				06FF275B286B51AF006B5FB9 /* TimerViewController.swift */,
				06FF275D286B51D3006B5FB9 /* StartBreathViewController.swift */,
				06FF275F286B51E9006B5FB9 /* FeedbackViewController.swift */,
				06FF2761286B5202006B5FB9 /* DoneViewController.swift */,
			);
			path = DeepBreath;
			sourceTree = "<group>";
		};
		6A0850B82869ADAA002C4429 /* OtherActivities */ = {
			isa = PBXGroup;
			children = (
				6AF730A0286C1CF9005F1100 /* TalkWithFriendsOrCommunity */,
				6AF7309D286C1BF2005F1100 /* DoGardening */,
				6AF7309A286C1A5D005F1100 /* DrinkingWater */,
				6AF73097286C182F005F1100 /* YogaExercise */,
				6AF73094286C1757005F1100 /* PlayGamesOrWatchMovies */,
			);
			path = OtherActivities;
			sourceTree = "<group>";
		};
		6A0850BB286AFE68002C4429 /* OtherActivities */ = {
			isa = PBXGroup;
			children = (
				6A0850BC286AFE97002C4429 /* MoviesCollectionViewCell.swift */,
				6AF730A3286C1FAF005F1100 /* YoutubeRecommendationCollectionViewCell.swift */,
			);
			path = OtherActivities;
			sourceTree = "<group>";
		};
		6AF73094286C1757005F1100 /* PlayGamesOrWatchMovies */ = {
			isa = PBXGroup;
			children = (
				6AF73095286C1784005F1100 /* PlayGamesOrWatchMoviesViewController.swift */,
			);
			path = PlayGamesOrWatchMovies;
			sourceTree = "<group>";
		};
		6AF73097286C182F005F1100 /* YogaExercise */ = {
			isa = PBXGroup;
			children = (
				6AF73098286C1853005F1100 /* YogaExerciseViewController.swift */,
			);
			path = YogaExercise;
			sourceTree = "<group>";
		};
		6AF7309A286C1A5D005F1100 /* DrinkingWater */ = {
			isa = PBXGroup;
			children = (
				6AF7309B286C1A86005F1100 /* DrinkingWaterViewController.swift */,
			);
			path = DrinkingWater;
			sourceTree = "<group>";
		};
		6AF7309D286C1BF2005F1100 /* DoGardening */ = {
			isa = PBXGroup;
			children = (
				6AF7309E286C1C03005F1100 /* DoGardeningViewController.swift */,
			);
			path = DoGardening;
			sourceTree = "<group>";
		};
		6AF730A0286C1CF9005F1100 /* TalkWithFriendsOrCommunity */ = {
			isa = PBXGroup;
			children = (
				6AF730A1286C1D20005F1100 /* TalkWithFriendsOrCommunityViewController.swift */,
			);
			path = TalkWithFriendsOrCommunity;
			sourceTree = "<group>";
		};
		C43DC15D286061B500F5F439 /* Statistic */ = {
			isa = PBXGroup;
			children = (
				C43DC15E286061C700F5F439 /* StatisticViewController.swift */,
				C45152AA2865ACA0002E9FFD /* ChangeMonthController.swift */,
			);
			path = Statistic;
			sourceTree = "<group>";
		};
		C43DC16028619FCB00F5F439 /* Statistic */ = {
			isa = PBXGroup;
			children = (
				C43DC16128619FE700F5F439 /* DrawLineOnView.swift */,
				C43DC1632861B4EA00F5F439 /* ChartGrid.swift */,
				C43DC1652862F57D00F5F439 /* BarChartCollectionViewCell.swift */,
			);
			path = Statistic;
			sourceTree = "<group>";
		};
		C4A2FD66286990D000472BF7 /* Recovered References */ = {
			isa = PBXGroup;
			children = (
				2A8C0F0228631AC60051F828 /* OthersTableViewCell.swift */,
			);
			name = "Recovered References";
			sourceTree = "<group>";
		};
		C4A2FD672869911900472BF7 /* NicotineCravings */ = {
			isa = PBXGroup;
			children = (
				C47776E5286992C50075C6CF /* NicotineMenuViewController.swift */,
			);
			path = NicotineCravings;
			sourceTree = "<group>";
		};
		C4A2FD6C2869914000472BF7 /* NicotineCravings */ = {
			isa = PBXGroup;
			children = (
				C47776E7286992CE0075C6CF /* OthersTableViewCell.swift */,
			);
			path = NicotineCravings;
			sourceTree = "<group>";
		};
		CB4A25C42868399900CB916C /* Calendar */ = {
			isa = PBXGroup;
			children = (
				CB4A25BC2868392900CB916C /* MonthMetadata.swift */,
				CB4A25BE2868393F00CB916C /* MonthTemplate.swift */,
				CB4A25C02868396200CB916C /* ProgressCalendarLogic.swift */,
			);
			path = Calendar;
			sourceTree = "<group>";
		};
		CB4A25C528683D8300CB916C /* Progress */ = {
			isa = PBXGroup;
			children = (
				CB4A25C628683D9100CB916C /* DateCell.swift */,
				CB4A25C828683DB700CB916C /* TopHeaderCell.swift */,
				CB4A25CA28683DE800CB916C /* TittleCell.swift */,
				CB4A25CC28683E0400CB916C /* TodayLimitCell.swift */,
				CB4A25CE28683E2000CB916C /* TodayConsumedCell.swift */,
				CB4A25D028683E4100CB916C /* GoalsCell.swift */,
			);
			path = Progress;
			sourceTree = "<group>";
		};
		CB4A25D228683E5800CB916C /* Progress */ = {
			isa = PBXGroup;
			children = (
				CB4A25D328683E7100CB916C /* Builder */,
				CB4A25D828683EA600CB916C /* ProgressViewController.swift */,
				CB4A25DC286879C400CB916C /* ProgressChangeMonthController.swift */,
			);
			path = Progress;
			sourceTree = "<group>";
		};
		CB4A25D328683E7100CB916C /* Builder */ = {
			isa = PBXGroup;
			children = (
				CB4A25D428683E8100CB916C /* CellBuilder.swift */,
				CB4A25D628683E9200CB916C /* LayoutBuilder.swift */,
			);
			path = Builder;
			sourceTree = "<group>";
		};
		CB4A25DE2868C5F600CB916C /* ViewController */ = {
			isa = PBXGroup;
			children = (
				6A0850B82869ADAA002C4429 /* OtherActivities */,
				06FF2752286B5147006B5FB9 /* DeepBreath */,
				06FF2746286B0F54006B5FB9 /* OnBoarding */,
				06FF2747286B0F5C006B5FB9 /* UserPlan */,
				C4A2FD672869911900472BF7 /* NicotineCravings */,
				CB4A25D228683E5800CB916C /* Progress */,
				C43DC15D286061B500F5F439 /* Statistic */,
			);
			path = ViewController;
			sourceTree = "<group>";
		};
		CB4A25DF2868C60300CB916C /* TabBarController */ = {
			isa = PBXGroup;
			children = (
				CB4A25E02868C74400CB916C /* TabBarController.swift */,
			);
			path = TabBarController;
			sourceTree = "<group>";
		};
		CB6832D8284F556000366004 = {
			isa = PBXGroup;
			children = (
				CB6832E3284F556000366004 /* SmokeLess */,
				CB6832E2284F556000366004 /* Products */,
				C4A2FD66286990D000472BF7 /* Recovered References */,
			);
			sourceTree = "<group>";
		};
		CB6832E2284F556000366004 /* Products */ = {
			isa = PBXGroup;
			children = (
				CB6832E1284F556000366004 /* SmokeLess.app */,
			);
			name = Products;
			sourceTree = "<group>";
		};
		CB6832E3284F556000366004 /* SmokeLess */ = {
			isa = PBXGroup;
			children = (
				CB6832FB284F5D3300366004 /* Model */,
				CB6832FC284F5D3F00366004 /* View */,
				CB6832FE284F5D4900366004 /* Controller */,
				CB6832FF284F5D4E00366004 /* Utils */,
				CB6832E4284F556000366004 /* AppDelegate.swift */,
				CB6832E6284F556000366004 /* SceneDelegate.swift */,
				CB6832E8284F556000366004 /* ViewController.swift */,
				CB6832F0284F556200366004 /* Assets.xcassets */,
				CB6832F2284F556200366004 /* LaunchScreen.storyboard */,
				CB6832F5284F556200366004 /* Info.plist */,
				CB6832ED284F556000366004 /* SmokeLess.xcdatamodeld */,
			);
			path = SmokeLess;
			sourceTree = "<group>";
		};
		CB6832FB284F5D3300366004 /* Model */ = {
			isa = PBXGroup;
			children = (
				CB4A25C42868399900CB916C /* Calendar */,
				CB4A25C22868398C00CB916C /* DailyData.swift */,
			);
			path = Model;
			sourceTree = "<group>";
		};
		CB6832FC284F5D3F00366004 /* View */ = {
			isa = PBXGroup;
			children = (
				6A0850BB286AFE68002C4429 /* OtherActivities */,
				C4A2FD6C2869914000472BF7 /* NicotineCravings */,
				CB4A25C528683D8300CB916C /* Progress */,
				C43DC16028619FCB00F5F439 /* Statistic */,
			);
			path = View;
			sourceTree = "<group>";
		};
		CB6832FE284F5D4900366004 /* Controller */ = {
			isa = PBXGroup;
			children = (
				CB4A25DF2868C60300CB916C /* TabBarController */,
				CB4A25DE2868C5F600CB916C /* ViewController */,
			);
			path = Controller;
			sourceTree = "<group>";
		};
		CB6832FF284F5D4E00366004 /* Utils */ = {
			isa = PBXGroup;
			children = (
				6A60E0DE28606BA000505B9D /* Extension.swift */,
			);
			path = Utils;
			sourceTree = "<group>";
		};
/* End PBXGroup section */

/* Begin PBXNativeTarget section */
		CB6832E0284F556000366004 /* SmokeLess */ = {
			isa = PBXNativeTarget;
			buildConfigurationList = CB6832F8284F556200366004 /* Build configuration list for PBXNativeTarget "SmokeLess" */;
			buildPhases = (
				CB6832DD284F556000366004 /* Sources */,
				CB6832DE284F556000366004 /* Frameworks */,
				CB6832DF284F556000366004 /* Resources */,
			);
			buildRules = (
			);
			dependencies = (
			);
			name = SmokeLess;
			productName = SmokeLess;
			productReference = CB6832E1284F556000366004 /* SmokeLess.app */;
			productType = "com.apple.product-type.application";
		};
/* End PBXNativeTarget section */

/* Begin PBXProject section */
		CB6832D9284F556000366004 /* Project object */ = {
			isa = PBXProject;
			attributes = {
				BuildIndependentTargetsInParallel = 1;
				LastSwiftUpdateCheck = 1330;
				LastUpgradeCheck = 1330;
				TargetAttributes = {
					CB6832E0284F556000366004 = {
						CreatedOnToolsVersion = 13.3.1;
					};
				};
			};
			buildConfigurationList = CB6832DC284F556000366004 /* Build configuration list for PBXProject "SmokeLess" */;
			compatibilityVersion = "Xcode 13.0";
			developmentRegion = en;
			hasScannedForEncodings = 0;
			knownRegions = (
				en,
				Base,
			);
			mainGroup = CB6832D8284F556000366004;
			productRefGroup = CB6832E2284F556000366004 /* Products */;
			projectDirPath = "";
			projectRoot = "";
			targets = (
				CB6832E0284F556000366004 /* SmokeLess */,
			);
		};
/* End PBXProject section */

/* Begin PBXResourcesBuildPhase section */
		CB6832DF284F556000366004 /* Resources */ = {
			isa = PBXResourcesBuildPhase;
			buildActionMask = 2147483647;
			files = (
				CB6832F4284F556200366004 /* LaunchScreen.storyboard in Resources */,
				CB6832F1284F556200366004 /* Assets.xcassets in Resources */,
			);
			runOnlyForDeploymentPostprocessing = 0;
		};
/* End PBXResourcesBuildPhase section */

/* Begin PBXSourcesBuildPhase section */
		CB6832DD284F556000366004 /* Sources */ = {
			isa = PBXSourcesBuildPhase;
			buildActionMask = 2147483647;
			files = (
				06FF2751286B0FA9006B5FB9 /* ThirdUserPlanViewController.swift in Sources */,
				CB4A25D928683EA600CB916C /* ProgressViewController.swift in Sources */,
				CB4A25D128683E4100CB916C /* GoalsCell.swift in Sources */,
				CB4A25BF2868393F00CB916C /* MonthTemplate.swift in Sources */,
				C47776E8286992CE0075C6CF /* OthersTableViewCell.swift in Sources */,
				06FF2749286B0F72006B5FB9 /* FirstOnBoardingViewController.swift in Sources */,
				CB4A25C728683D9100CB916C /* DateCell.swift in Sources */,
				6AF73096286C1784005F1100 /* PlayGamesOrWatchMoviesViewController.swift in Sources */,
				CB4A25D728683E9200CB916C /* LayoutBuilder.swift in Sources */,
				6A60E0DF28606BA000505B9D /* Extension.swift in Sources */,
				CB6832EF284F556000366004 /* SmokeLess.xcdatamodeld in Sources */,
				06FF274D286B0F91006B5FB9 /* FirstUserPlanViewController.swift in Sources */,
				C43DC1662862F57D00F5F439 /* BarChartCollectionViewCell.swift in Sources */,
				C43DC1642861B4EA00F5F439 /* ChartGrid.swift in Sources */,
				CB4A25C32868398C00CB916C /* DailyData.swift in Sources */,
				CB4A25CF28683E2000CB916C /* TodayConsumedCell.swift in Sources */,
				6A0850BD286AFE97002C4429 /* MoviesCollectionViewCell.swift in Sources */,
				CB6832E9284F556000366004 /* ViewController.swift in Sources */,
				CB6832E5284F556000366004 /* AppDelegate.swift in Sources */,
				C43DC15F286061C700F5F439 /* StatisticViewController.swift in Sources */,
				CB4A25D528683E8100CB916C /* CellBuilder.swift in Sources */,
				6AF73099286C1853005F1100 /* YogaExerciseViewController.swift in Sources */,
				CB4A25C928683DB700CB916C /* TopHeaderCell.swift in Sources */,
				6AF730A2286C1D20005F1100 /* TalkWithFriendsOrCommunityViewController.swift in Sources */,
				C43DC16228619FE700F5F439 /* DrawLineOnView.swift in Sources */,
				CB6832E7284F556000366004 /* SceneDelegate.swift in Sources */,
				CB4A25E12868C74400CB916C /* TabBarController.swift in Sources */,
				CB4A25CD28683E0400CB916C /* TodayLimitCell.swift in Sources */,
				6AF730A4286C1FAF005F1100 /* YoutubeRecommendationCollectionViewCell.swift in Sources */,
				C45152AB2865ACA0002E9FFD /* ChangeMonthController.swift in Sources */,
				6AF7309F286C1C03005F1100 /* DoGardeningViewController.swift in Sources */,
				CB4A25C12868396200CB916C /* ProgressCalendarLogic.swift in Sources */,
				CB4A25BD2868392900CB916C /* MonthMetadata.swift in Sources */,
				6AF7309C286C1A86005F1100 /* DrinkingWaterViewController.swift in Sources */,
				06FF274B286B0F81006B5FB9 /* SecondOnBoardingViewController.swift in Sources */,
				CB4A25CB28683DE800CB916C /* TittleCell.swift in Sources */,
				06FF274F286B0F9E006B5FB9 /* SecondUserPlanViewController.swift in Sources */,
				C47776E6286992C50075C6CF /* NicotineMenuViewController.swift in Sources */,
				CB4A25DD286879C400CB916C /* ProgressChangeMonthController.swift in Sources */,
			);
			runOnlyForDeploymentPostprocessing = 0;
		};
/* End PBXSourcesBuildPhase section */

/* Begin PBXVariantGroup section */
		CB6832F2284F556200366004 /* LaunchScreen.storyboard */ = {
			isa = PBXVariantGroup;
			children = (
				CB6832F3284F556200366004 /* Base */,
			);
			name = LaunchScreen.storyboard;
			sourceTree = "<group>";
		};
/* End PBXVariantGroup section */

/* Begin XCBuildConfiguration section */
		CB6832F6284F556200366004 /* Debug */ = {
			isa = XCBuildConfiguration;
			buildSettings = {
				ALWAYS_SEARCH_USER_PATHS = NO;
				CLANG_ANALYZER_NONNULL = YES;
				CLANG_ANALYZER_NUMBER_OBJECT_CONVERSION = YES_AGGRESSIVE;
				CLANG_CXX_LANGUAGE_STANDARD = "gnu++17";
				CLANG_ENABLE_MODULES = YES;
				CLANG_ENABLE_OBJC_ARC = YES;
				CLANG_ENABLE_OBJC_WEAK = YES;
				CLANG_WARN_BLOCK_CAPTURE_AUTORELEASING = YES;
				CLANG_WARN_BOOL_CONVERSION = YES;
				CLANG_WARN_COMMA = YES;
				CLANG_WARN_CONSTANT_CONVERSION = YES;
				CLANG_WARN_DEPRECATED_OBJC_IMPLEMENTATIONS = YES;
				CLANG_WARN_DIRECT_OBJC_ISA_USAGE = YES_ERROR;
				CLANG_WARN_DOCUMENTATION_COMMENTS = YES;
				CLANG_WARN_EMPTY_BODY = YES;
				CLANG_WARN_ENUM_CONVERSION = YES;
				CLANG_WARN_INFINITE_RECURSION = YES;
				CLANG_WARN_INT_CONVERSION = YES;
				CLANG_WARN_NON_LITERAL_NULL_CONVERSION = YES;
				CLANG_WARN_OBJC_IMPLICIT_RETAIN_SELF = YES;
				CLANG_WARN_OBJC_LITERAL_CONVERSION = YES;
				CLANG_WARN_OBJC_ROOT_CLASS = YES_ERROR;
				CLANG_WARN_QUOTED_INCLUDE_IN_FRAMEWORK_HEADER = YES;
				CLANG_WARN_RANGE_LOOP_ANALYSIS = YES;
				CLANG_WARN_STRICT_PROTOTYPES = YES;
				CLANG_WARN_SUSPICIOUS_MOVE = YES;
				CLANG_WARN_UNGUARDED_AVAILABILITY = YES_AGGRESSIVE;
				CLANG_WARN_UNREACHABLE_CODE = YES;
				CLANG_WARN__DUPLICATE_METHOD_MATCH = YES;
				COPY_PHASE_STRIP = NO;
				DEBUG_INFORMATION_FORMAT = dwarf;
				ENABLE_STRICT_OBJC_MSGSEND = YES;
				ENABLE_TESTABILITY = YES;
				GCC_C_LANGUAGE_STANDARD = gnu11;
				GCC_DYNAMIC_NO_PIC = NO;
				GCC_NO_COMMON_BLOCKS = YES;
				GCC_OPTIMIZATION_LEVEL = 0;
				GCC_PREPROCESSOR_DEFINITIONS = (
					"DEBUG=1",
					"$(inherited)",
				);
				GCC_WARN_64_TO_32_BIT_CONVERSION = YES;
				GCC_WARN_ABOUT_RETURN_TYPE = YES_ERROR;
				GCC_WARN_UNDECLARED_SELECTOR = YES;
				GCC_WARN_UNINITIALIZED_AUTOS = YES_AGGRESSIVE;
				GCC_WARN_UNUSED_FUNCTION = YES;
				GCC_WARN_UNUSED_VARIABLE = YES;
				IPHONEOS_DEPLOYMENT_TARGET = 15.4;
				MTL_ENABLE_DEBUG_INFO = INCLUDE_SOURCE;
				MTL_FAST_MATH = YES;
				ONLY_ACTIVE_ARCH = YES;
				SDKROOT = iphoneos;
				SWIFT_ACTIVE_COMPILATION_CONDITIONS = DEBUG;
				SWIFT_OPTIMIZATION_LEVEL = "-Onone";
			};
			name = Debug;
		};
		CB6832F7284F556200366004 /* Release */ = {
			isa = XCBuildConfiguration;
			buildSettings = {
				ALWAYS_SEARCH_USER_PATHS = NO;
				CLANG_ANALYZER_NONNULL = YES;
				CLANG_ANALYZER_NUMBER_OBJECT_CONVERSION = YES_AGGRESSIVE;
				CLANG_CXX_LANGUAGE_STANDARD = "gnu++17";
				CLANG_ENABLE_MODULES = YES;
				CLANG_ENABLE_OBJC_ARC = YES;
				CLANG_ENABLE_OBJC_WEAK = YES;
				CLANG_WARN_BLOCK_CAPTURE_AUTORELEASING = YES;
				CLANG_WARN_BOOL_CONVERSION = YES;
				CLANG_WARN_COMMA = YES;
				CLANG_WARN_CONSTANT_CONVERSION = YES;
				CLANG_WARN_DEPRECATED_OBJC_IMPLEMENTATIONS = YES;
				CLANG_WARN_DIRECT_OBJC_ISA_USAGE = YES_ERROR;
				CLANG_WARN_DOCUMENTATION_COMMENTS = YES;
				CLANG_WARN_EMPTY_BODY = YES;
				CLANG_WARN_ENUM_CONVERSION = YES;
				CLANG_WARN_INFINITE_RECURSION = YES;
				CLANG_WARN_INT_CONVERSION = YES;
				CLANG_WARN_NON_LITERAL_NULL_CONVERSION = YES;
				CLANG_WARN_OBJC_IMPLICIT_RETAIN_SELF = YES;
				CLANG_WARN_OBJC_LITERAL_CONVERSION = YES;
				CLANG_WARN_OBJC_ROOT_CLASS = YES_ERROR;
				CLANG_WARN_QUOTED_INCLUDE_IN_FRAMEWORK_HEADER = YES;
				CLANG_WARN_RANGE_LOOP_ANALYSIS = YES;
				CLANG_WARN_STRICT_PROTOTYPES = YES;
				CLANG_WARN_SUSPICIOUS_MOVE = YES;
				CLANG_WARN_UNGUARDED_AVAILABILITY = YES_AGGRESSIVE;
				CLANG_WARN_UNREACHABLE_CODE = YES;
				CLANG_WARN__DUPLICATE_METHOD_MATCH = YES;
				COPY_PHASE_STRIP = NO;
				DEBUG_INFORMATION_FORMAT = "dwarf-with-dsym";
				ENABLE_NS_ASSERTIONS = NO;
				ENABLE_STRICT_OBJC_MSGSEND = YES;
				GCC_C_LANGUAGE_STANDARD = gnu11;
				GCC_NO_COMMON_BLOCKS = YES;
				GCC_WARN_64_TO_32_BIT_CONVERSION = YES;
				GCC_WARN_ABOUT_RETURN_TYPE = YES_ERROR;
				GCC_WARN_UNDECLARED_SELECTOR = YES;
				GCC_WARN_UNINITIALIZED_AUTOS = YES_AGGRESSIVE;
				GCC_WARN_UNUSED_FUNCTION = YES;
				GCC_WARN_UNUSED_VARIABLE = YES;
				IPHONEOS_DEPLOYMENT_TARGET = 15.4;
				MTL_ENABLE_DEBUG_INFO = NO;
				MTL_FAST_MATH = YES;
				SDKROOT = iphoneos;
				SWIFT_COMPILATION_MODE = wholemodule;
				SWIFT_OPTIMIZATION_LEVEL = "-O";
				VALIDATE_PRODUCT = YES;
			};
			name = Release;
		};
		CB6832F9284F556200366004 /* Debug */ = {
			isa = XCBuildConfiguration;
			buildSettings = {
				ASSETCATALOG_COMPILER_APPICON_NAME = AppIcon;
				ASSETCATALOG_COMPILER_GLOBAL_ACCENT_COLOR_NAME = AccentColor;
				CODE_SIGN_STYLE = Automatic;
				CURRENT_PROJECT_VERSION = 1;
				DEVELOPMENT_TEAM = JLJW7SFX7K;
				GENERATE_INFOPLIST_FILE = YES;
				INFOPLIST_FILE = SmokeLess/Info.plist;
				INFOPLIST_KEY_UIApplicationSupportsIndirectInputEvents = YES;
				INFOPLIST_KEY_UILaunchStoryboardName = LaunchScreen;
				INFOPLIST_KEY_UISupportedInterfaceOrientations_iPad = "UIInterfaceOrientationPortrait UIInterfaceOrientationPortraitUpsideDown UIInterfaceOrientationLandscapeLeft UIInterfaceOrientationLandscapeRight";
				INFOPLIST_KEY_UISupportedInterfaceOrientations_iPhone = "UIInterfaceOrientationPortrait UIInterfaceOrientationLandscapeLeft UIInterfaceOrientationLandscapeRight";
				LD_RUNPATH_SEARCH_PATHS = (
					"$(inherited)",
					"@executable_path/Frameworks",
				);
				MARKETING_VERSION = 1.0;
				PRODUCT_BUNDLE_IDENTIFIER = smokeless;
				PRODUCT_NAME = "$(TARGET_NAME)";
				SWIFT_EMIT_LOC_STRINGS = YES;
				SWIFT_VERSION = 5.0;
				TARGETED_DEVICE_FAMILY = "1,2";
			};
			name = Debug;
		};
		CB6832FA284F556200366004 /* Release */ = {
			isa = XCBuildConfiguration;
			buildSettings = {
				ASSETCATALOG_COMPILER_APPICON_NAME = AppIcon;
				ASSETCATALOG_COMPILER_GLOBAL_ACCENT_COLOR_NAME = AccentColor;
				CODE_SIGN_STYLE = Automatic;
				CURRENT_PROJECT_VERSION = 1;
				DEVELOPMENT_TEAM = JLJW7SFX7K;
				GENERATE_INFOPLIST_FILE = YES;
				INFOPLIST_FILE = SmokeLess/Info.plist;
				INFOPLIST_KEY_UIApplicationSupportsIndirectInputEvents = YES;
				INFOPLIST_KEY_UILaunchStoryboardName = LaunchScreen;
				INFOPLIST_KEY_UISupportedInterfaceOrientations_iPad = "UIInterfaceOrientationPortrait UIInterfaceOrientationPortraitUpsideDown UIInterfaceOrientationLandscapeLeft UIInterfaceOrientationLandscapeRight";
				INFOPLIST_KEY_UISupportedInterfaceOrientations_iPhone = "UIInterfaceOrientationPortrait UIInterfaceOrientationLandscapeLeft UIInterfaceOrientationLandscapeRight";
				LD_RUNPATH_SEARCH_PATHS = (
					"$(inherited)",
					"@executable_path/Frameworks",
				);
				MARKETING_VERSION = 1.0;
				PRODUCT_BUNDLE_IDENTIFIER = smokeless;
				PRODUCT_NAME = "$(TARGET_NAME)";
				SWIFT_EMIT_LOC_STRINGS = YES;
				SWIFT_VERSION = 5.0;
				TARGETED_DEVICE_FAMILY = "1,2";
			};
			name = Release;
		};
/* End XCBuildConfiguration section */

/* Begin XCConfigurationList section */
		CB6832DC284F556000366004 /* Build configuration list for PBXProject "SmokeLess" */ = {
			isa = XCConfigurationList;
			buildConfigurations = (
				CB6832F6284F556200366004 /* Debug */,
				CB6832F7284F556200366004 /* Release */,
			);
			defaultConfigurationIsVisible = 0;
			defaultConfigurationName = Release;
		};
		CB6832F8284F556200366004 /* Build configuration list for PBXNativeTarget "SmokeLess" */ = {
			isa = XCConfigurationList;
			buildConfigurations = (
				CB6832F9284F556200366004 /* Debug */,
				CB6832FA284F556200366004 /* Release */,
			);
			defaultConfigurationIsVisible = 0;
			defaultConfigurationName = Release;
		};
/* End XCConfigurationList section */

/* Begin XCVersionGroup section */
		CB6832ED284F556000366004 /* SmokeLess.xcdatamodeld */ = {
			isa = XCVersionGroup;
			children = (
				CB6832EE284F556000366004 /* SmokeLess.xcdatamodel */,
			);
			currentVersion = CB6832EE284F556000366004 /* SmokeLess.xcdatamodel */;
			path = SmokeLess.xcdatamodeld;
			sourceTree = "<group>";
			versionGroupType = wrapper.xcdatamodel;
		};
/* End XCVersionGroup section */
	};
	rootObject = CB6832D9284F556000366004 /* Project object */;
}
